# THIS IS AN AUTOGENERATED FILE. DO NOT EDIT THIS FILE DIRECTLY.
# yarn lockfile v1


balanced-match@^1.0.0:
  version "1.0.0"
  resolved "https://registry.yarnpkg.com/balanced-match/-/balanced-match-1.0.0.tgz#89b4d199ab2bee49de164ea02b89ce462d71b767"
  integrity sha1-ibTRmasr7kneFk6gK4nORi1xt2c=

brace-expansion@^1.1.7:
  version "1.1.13"
  resolved "https://registry.yarnpkg.com/brace-expansion/-/brace-expansion-1.1.13.tgz#d37875c01dc9eff988dd49d112a57cb67b54efe6"
  integrity sha512-9ZLprWS6EENmhEOpjCYW2c8VkmOvckIJZfkr7rBW6dObmfgJ/L1GpSYW5Hpo9lDz4D1+n0Ckz8rU7FwHDQiG/w==
  dependencies:
    balanced-match "^1.0.0"
    concat-map "0.0.1"

concat-map@0.0.1:
  version "0.0.1"
  resolved "https://registry.yarnpkg.com/concat-map/-/concat-map-0.0.1.tgz#d8a96bd77fd68df7793a73036a3ba0d5405d477b"
  integrity sha1-2Klr13/Wjfd5OnMDajug1UBdR3s=

minimatch@3.1.4:
  version "3.1.4"
  resolved "https://registry.yarnpkg.com/minimatch/-/minimatch-3.1.4.tgz#89d910ea3970a77ac8edfd30340ccd038b758079"
  integrity sha512-twmL+S8+7yIsE9wsqgzU3E8/LumN3M3QELrBZ20OdmQ9jB2JvW5oZtBEmft84k/Gs5CG9mqtWc6Y9vW+JEzGxw==
  dependencies:
    brace-expansion "^1.1.7"
