# THIS IS AN AUTOGENERATED FILE. DO NOT EDIT THIS FILE DIRECTLY.
# yarn lockfile v1


async@2.0.0:
  version "2.0.0"
  resolved "https://registry.yarnpkg.com/async/-/async-2.0.0.tgz#d0900ad385af13804540a109c42166e3ae7b2b9d"
  dependencies:
    lodash "^4.8.0"

lodash@^4.8.0:
  version "4.18.1"
  resolved "https://registry.yarnpkg.com/lodash/-/lodash-4.18.1.tgz#ff2b66c1f6326d59513de2407bf881439812771c"
