# THIS IS AN AUTOGENERATED FILE. DO NOT EDIT THIS FILE DIRECTLY.
# yarn lockfile v1


balanced-match@^4.0.2:
  version "4.0.4"
  resolved "https://registry.yarnpkg.com/balanced-match/-/balanced-match-4.0.4.tgz#bfb10662feed8196a2c62e7c68e17720c274179a"
  integrity sha512-BLrgEcRTwX2o6gGxGOCNyMvGSp35YofuYzw9h1IMTRmKqttAZZVU67bdb9Pr2vUHA8+j3i2tJfjO6C6+4myGTA==

brace-expansion@^5.0.2:
  version "5.0.3"
  resolved "https://registry.yarnpkg.com/brace-expansion/-/brace-expansion-5.0.3.tgz#6a9c6c268f85b53959ec527aeafe0f7300258eef"
  integrity sha512-fy6KJm2RawA5RcHkLa1z/ScpBeA762UF9KmZQxwIbDtRJrgLzM10depAiEQ+CXYcoiqW1/m96OAAoke2nE9EeA==
  dependencies:
    balanced-match "^4.0.2"

minimatch@^10.2.1:
  version "10.2.1"
  resolved "https://registry.yarnpkg.com/minimatch/-/minimatch-10.2.1.tgz#9d82835834cdc85d5084dd055e9a4685fa56e5f0"
  integrity sha512-MClCe8IL5nRRmawL6ib/eT4oLyeKMGCghibcDWK+J0hh0Q8kqSdia6BvbRMVk6mPa6WqUa5uR2oxt6C5jd533A==
  dependencies:
    brace-expansion "^5.0.2"
